
Microsoft Visual Studio Solution File, Format Version 12.00
# Visual Studio Version 17
VisualStudioVersion = 17.10.35013.160
MinimumVisualStudioVersion = 10.0.40219.1
Project("{FAE04EC0-301F-11D3-BF4B-00C04F79EFBC}") = "Aula 8", "Aula 8\Aula 8.csproj", "{0680A497-DBF9-453D-B545-FF376CD530B2}"
EndProject
Global
	GlobalSection(SolutionConfigurationPlatforms) = preSolution
		Debug|Any CPU = Debug|Any CPU
		Release|Any CPU = Release|Any CPU
	EndGlobalSection
	GlobalSection(ProjectConfigurationPlatforms) = postSolution
		{0680A497-DBF9-453D-B545-FF376CD530B2}.Debug|Any CPU.ActiveCfg = Debug|Any CPU
		{0680A497-DBF9-453D-B545-FF376CD530B2}.Debug|Any CPU.Build.0 = Debug|Any CPU
		{0680A497-DBF9-453D-B545-FF376CD530B2}.Release|Any CPU.ActiveCfg = Release|Any CPU
		{0680A497-DBF9-453D-B545-FF376CD530B2}.Release|Any CPU.Build.0 = Release|Any CPU
	EndGlobalSection
	GlobalSection(SolutionProperties) = preSolution
		HideSolutionNode = FALSE
	EndGlobalSection
	GlobalSection(ExtensibilityGlobals) = postSolution
		SolutionGuid = {91B9DCD8-F1E2-4BF6-82A6-8C22F5C92CE1}
	EndGlobalSection
EndGlobal
